
Microsoft Visual Studio Solution File, Format Version 12.00
# Visual Studio Version 16
VisualStudioVersion = 16.0.30907.101
MinimumVisualStudioVersion = 10.0.40219.1
Project("{9A19103F-16F7-4668-BE54-9A1E7A4F7556}") = "TenYearsCalendar.Core", "TenYearsCalendar.Core\TenYearsCalendar.Core.csproj", "{0FD78805-986A-4BB5-A4C6-E3D53A0DF80F}"
EndProject
Global
	GlobalSection(SolutionConfigurationPlatforms) = preSolution
		Debug|Any CPU = Debug|Any CPU
		Release|Any CPU = Release|Any CPU
	EndGlobalSection
	GlobalSection(ProjectConfigurationPlatforms) = postSolution
		{0FD78805-986A-4BB5-A4C6-E3D53A0DF80F}.Debug|Any CPU.ActiveCfg = Debug|Any CPU
		{0FD78805-986A-4BB5-A4C6-E3D53A0DF80F}.Debug|Any CPU.Build.0 = Debug|Any CPU
		{0FD78805-986A-4BB5-A4C6-E3D53A0DF80F}.Release|Any CPU.ActiveCfg = Release|Any CPU
		{0FD78805-986A-4BB5-A4C6-E3D53A0DF80F}.Release|Any CPU.Build.0 = Release|Any CPU
	EndGlobalSection
	GlobalSection(SolutionProperties) = preSolution
		HideSolutionNode = FALSE
	EndGlobalSection
	GlobalSection(ExtensibilityGlobals) = postSolution
		SolutionGuid = {7CFCAB43-616B-4B7C-A0A0-7DEE1097E107}
	EndGlobalSection
EndGlobal
